hash: 070c731b60addea2dd6fecf127d3c56ece76f28eff456bec6234a7895fa63b56
updated: 2019-04-09T15:07:06.165364641-04:00
imports:
- name: github.com/gocql/gocql
  version: 0e1d5de854dfd269e343440b9807f43a5f2e62cf
  subpackages:
  - internal/lru
  - internal/murmur
  - internal/streams
- name: github.com/golang/snappy
  version: 2a8bb927dd31d8daada140a5d09578521ce5c36a
- name: github.com/hailocab/go-hostpool
  version: e80d13ce29ede4452c43dea11e79b9bc8a15b478
- name: github.com/upfluence/log
  version: 7220f1c4fb949a108b8c398fdc5100b7f2950567
  subpackages:
  - record
  - sink
- name: github.com/upfluence/pkg
  version: a22ed960d3070ff79a2c39a12bb8d551c5c51d09
  subpackages:
  - cfg
- name: gopkg.in/inf.v0
  version: d2d2541c53f18d2a059457998ce2876cc8e67cbf
testImports: []
